
Microsoft Visual Studio Solution File, Format Version 12.00
# Visual Studio Version 17
VisualStudioVersion = 17.5.33516.290
MinimumVisualStudioVersion = 10.0.40219.1
Project("{9A19103F-16F7-4668-BE54-9A1E7A4F7556}") = "DepthFirstSearch", "DepthFirstSearch\DepthFirstSearch.csproj", "{EF7BEF09-1C2B-4939-BB6B-77F25A5FD55D}"
EndProject
Project("{2150E333-8FDC-42A3-9474-1A3956D46DE8}") = "Easy", "Easy", "{E0568669-EDF5-4B09-BAB5-42BAAA2B284E}"
EndProject
Project("{2150E333-8FDC-42A3-9474-1A3956D46DE8}") = "Medium", "Medium", "{43E45ECF-040F-4BEA-8965-CD32CAEC0E49}"
EndProject
Project("{9A19103F-16F7-4668-BE54-9A1E7A4F7556}") = "SingleCycleCheck", "SingleCycleCheck\SingleCycleCheck.csproj", "{14E30928-015D-431A-ADDC-A5AF0F7FAF4B}"
EndProject
Project("{9A19103F-16F7-4668-BE54-9A1E7A4F7556}") = "BreadthFirstSearch", "BreadthFirstSearch\BreadthFirstSearch.csproj", "{71856D9C-F694-4E09-9961-A626136E9DCF}"
EndProject
Project("{9A19103F-16F7-4668-BE54-9A1E7A4F7556}") = "RiverSizes", "RiverSizes\RiverSizes.csproj", "{F2B510D6-6557-4596-B3E4-340C4B6E0C9C}"
EndProject
Project("{9A19103F-16F7-4668-BE54-9A1E7A4F7556}") = "CycleInGraph", "CycleInGraph\CycleInGraph.csproj", "{BCB68DBB-2ABD-44EC-8E9A-4402C820460D}"
EndProject
Project("{9A19103F-16F7-4668-BE54-9A1E7A4F7556}") = "YoungestCommonAncestor", "YoungestCommonAncestor\YoungestCommonAncestor.csproj", "{D0B12273-3C68-44B9-9123-32C8DAA40C30}"
EndProject
Project("{9A19103F-16F7-4668-BE54-9A1E7A4F7556}") = "Remove_Islands", "Medium\Remove_Islands\Remove_Islands.csproj", "{C305B470-A893-4602-B93F-991C0FF7AB93}"
EndProject
Global
	GlobalSection(SolutionConfigurationPlatforms) = preSolution
		Debug|Any CPU = Debug|Any CPU
		Release|Any CPU = Release|Any CPU
	EndGlobalSection
	GlobalSection(ProjectConfigurationPlatforms) = postSolution
		{EF7BEF09-1C2B-4939-BB6B-77F25A5FD55D}.Debug|Any CPU.ActiveCfg = Debug|Any CPU
		{EF7BEF09-1C2B-4939-BB6B-77F25A5FD55D}.Debug|Any CPU.Build.0 = Debug|Any CPU
		{EF7BEF09-1C2B-4939-BB6B-77F25A5FD55D}.Release|Any CPU.ActiveCfg = Release|Any CPU
		{EF7BEF09-1C2B-4939-BB6B-77F25A5FD55D}.Release|Any CPU.Build.0 = Release|Any CPU
		{14E30928-015D-431A-ADDC-A5AF0F7FAF4B}.Debug|Any CPU.ActiveCfg = Debug|Any CPU
		{14E30928-015D-431A-ADDC-A5AF0F7FAF4B}.Debug|Any CPU.Build.0 = Debug|Any CPU
		{14E30928-015D-431A-ADDC-A5AF0F7FAF4B}.Release|Any CPU.ActiveCfg = Release|Any CPU
		{14E30928-015D-431A-ADDC-A5AF0F7FAF4B}.Release|Any CPU.Build.0 = Release|Any CPU
		{71856D9C-F694-4E09-9961-A626136E9DCF}.Debug|Any CPU.ActiveCfg = Debug|Any CPU
		{71856D9C-F694-4E09-9961-A626136E9DCF}.Debug|Any CPU.Build.0 = Debug|Any CPU
		{71856D9C-F694-4E09-9961-A626136E9DCF}.Release|Any CPU.ActiveCfg = Release|Any CPU
		{71856D9C-F694-4E09-9961-A626136E9DCF}.Release|Any CPU.Build.0 = Release|Any CPU
		{F2B510D6-6557-4596-B3E4-340C4B6E0C9C}.Debug|Any CPU.ActiveCfg = Debug|Any CPU
		{F2B510D6-6557-4596-B3E4-340C4B6E0C9C}.Debug|Any CPU.Build.0 = Debug|Any CPU
		{F2B510D6-6557-4596-B3E4-340C4B6E0C9C}.Release|Any CPU.ActiveCfg = Release|Any CPU
		{F2B510D6-6557-4596-B3E4-340C4B6E0C9C}.Release|Any CPU.Build.0 = Release|Any CPU
		{BCB68DBB-2ABD-44EC-8E9A-4402C820460D}.Debug|Any CPU.ActiveCfg = Debug|Any CPU
		{BCB68DBB-2ABD-44EC-8E9A-4402C820460D}.Debug|Any CPU.Build.0 = Debug|Any CPU
		{BCB68DBB-2ABD-44EC-8E9A-4402C820460D}.Release|Any CPU.ActiveCfg = Release|Any CPU
		{BCB68DBB-2ABD-44EC-8E9A-4402C820460D}.Release|Any CPU.Build.0 = Release|Any CPU
		{D0B12273-3C68-44B9-9123-32C8DAA40C30}.Debug|Any CPU.ActiveCfg = Debug|Any CPU
		{D0B12273-3C68-44B9-9123-32C8DAA40C30}.Debug|Any CPU.Build.0 = Debug|Any CPU
		{D0B12273-3C68-44B9-9123-32C8DAA40C30}.Release|Any CPU.ActiveCfg = Release|Any CPU
		{D0B12273-3C68-44B9-9123-32C8DAA40C30}.Release|Any CPU.Build.0 = Release|Any CPU
		{C305B470-A893-4602-B93F-991C0FF7AB93}.Debug|Any CPU.ActiveCfg = Debug|Any CPU
		{C305B470-A893-4602-B93F-991C0FF7AB93}.Debug|Any CPU.Build.0 = Debug|Any CPU
		{C305B470-A893-4602-B93F-991C0FF7AB93}.Release|Any CPU.ActiveCfg = Release|Any CPU
		{C305B470-A893-4602-B93F-991C0FF7AB93}.Release|Any CPU.Build.0 = Release|Any CPU
	EndGlobalSection
	GlobalSection(SolutionProperties) = preSolution
		HideSolutionNode = FALSE
	EndGlobalSection
	GlobalSection(NestedProjects) = preSolution
		{EF7BEF09-1C2B-4939-BB6B-77F25A5FD55D} = {E0568669-EDF5-4B09-BAB5-42BAAA2B284E}
		{14E30928-015D-431A-ADDC-A5AF0F7FAF4B} = {43E45ECF-040F-4BEA-8965-CD32CAEC0E49}
		{71856D9C-F694-4E09-9961-A626136E9DCF} = {43E45ECF-040F-4BEA-8965-CD32CAEC0E49}
		{F2B510D6-6557-4596-B3E4-340C4B6E0C9C} = {43E45ECF-040F-4BEA-8965-CD32CAEC0E49}
		{BCB68DBB-2ABD-44EC-8E9A-4402C820460D} = {43E45ECF-040F-4BEA-8965-CD32CAEC0E49}
		{D0B12273-3C68-44B9-9123-32C8DAA40C30} = {43E45ECF-040F-4BEA-8965-CD32CAEC0E49}
		{C305B470-A893-4602-B93F-991C0FF7AB93} = {43E45ECF-040F-4BEA-8965-CD32CAEC0E49}
	EndGlobalSection
	GlobalSection(ExtensibilityGlobals) = postSolution
		SolutionGuid = {E3B2036F-83BC-422F-BC7F-8E98559C2AFA}
	EndGlobalSection
EndGlobal
